
Microsoft Visual Studio Solution File, Format Version 12.00
# Visual Studio Version 17
VisualStudioVersion = 17.7.34202.233
MinimumVisualStudioVersion = 10.0.40219.1
Project("{FAE04EC0-301F-11D3-BF4B-00C04F79EFBC}") = "DeletingByIndexInAnArray", "DeletingByIndexInAnArray\DeletingByIndexInAnArray.csproj", "{E1039188-841E-4FCA-868A-48D72817BFFD}"
EndProject
Global
	GlobalSection(SolutionConfigurationPlatforms) = preSolution
		Debug|Any CPU = Debug|Any CPU
		Release|Any CPU = Release|Any CPU
	EndGlobalSection
	GlobalSection(ProjectConfigurationPlatforms) = postSolution
		{E1039188-841E-4FCA-868A-48D72817BFFD}.Debug|Any CPU.ActiveCfg = Debug|Any CPU
		{E1039188-841E-4FCA-868A-48D72817BFFD}.Debug|Any CPU.Build.0 = Debug|Any CPU
		{E1039188-841E-4FCA-868A-48D72817BFFD}.Release|Any CPU.ActiveCfg = Release|Any CPU
		{E1039188-841E-4FCA-868A-48D72817BFFD}.Release|Any CPU.Build.0 = Release|Any CPU
	EndGlobalSection
	GlobalSection(SolutionProperties) = preSolution
		HideSolutionNode = FALSE
	EndGlobalSection
	GlobalSection(ExtensibilityGlobals) = postSolution
		SolutionGuid = {5A23045E-4C71-414E-9052-F95C5A1B0701}
	EndGlobalSection
EndGlobal
